
Microsoft Visual Studio Solution File, Format Version 12.00
# Visual Studio 15
VisualStudioVersion = 15.0.28307.136
MinimumVisualStudioVersion = 10.0.40219.1
Project("{FAE04EC0-301F-11D3-BF4B-00C04F79EFBC}") = "WebApiAuthAndCors", "WebApiAuthAndCors\WebApiAuthAndCors.csproj", "{CDA7317A-2942-40E4-886A-C0849219B72B}"
EndProject
Project("{FAE04EC0-301F-11D3-BF4B-00C04F79EFBC}") = "WebApiAuthAndCors.Tests", "WebApiAuthAndCors.Tests\WebApiAuthAndCors.Tests.csproj", "{F1163FFC-D23C-4483-BDB6-D20392F5B19D}"
EndProject
Global
	GlobalSection(SolutionConfigurationPlatforms) = preSolution
		Debug|Any CPU = Debug|Any CPU
		Release|Any CPU = Release|Any CPU
	EndGlobalSection
	GlobalSection(ProjectConfigurationPlatforms) = postSolution
		{CDA7317A-2942-40E4-886A-C0849219B72B}.Debug|Any CPU.ActiveCfg = Debug|Any CPU
		{CDA7317A-2942-40E4-886A-C0849219B72B}.Debug|Any CPU.Build.0 = Debug|Any CPU
		{CDA7317A-2942-40E4-886A-C0849219B72B}.Release|Any CPU.ActiveCfg = Release|Any CPU
		{CDA7317A-2942-40E4-886A-C0849219B72B}.Release|Any CPU.Build.0 = Release|Any CPU
		{F1163FFC-D23C-4483-BDB6-D20392F5B19D}.Debug|Any CPU.ActiveCfg = Debug|Any CPU
		{F1163FFC-D23C-4483-BDB6-D20392F5B19D}.Debug|Any CPU.Build.0 = Debug|Any CPU
		{F1163FFC-D23C-4483-BDB6-D20392F5B19D}.Release|Any CPU.ActiveCfg = Release|Any CPU
		{F1163FFC-D23C-4483-BDB6-D20392F5B19D}.Release|Any CPU.Build.0 = Release|Any CPU
	EndGlobalSection
	GlobalSection(SolutionProperties) = preSolution
		HideSolutionNode = FALSE
	EndGlobalSection
	GlobalSection(ExtensibilityGlobals) = postSolution
		SolutionGuid = {A3CA072A-E468-4B30-966B-2FCA99926775}
	EndGlobalSection
EndGlobal
